// !$*UTF8*$!
{
	archiveVersion = 1;
	classes = {
	};
	objectVersion = 46;
	objects = {

/* Begin PBXBuildFile section */
		29056B031957FBB300F07DF8 /* AppDelegate.swift in Sources */ = {isa = PBXBuildFile; fileRef = 29056B021957FBB300F07DF8 /* AppDelegate.swift */; };
		29056B051957FBB300F07DF8 /* Images.xcassets in Resources */ = {isa = PBXBuildFile; fileRef = 29056B041957FBB300F07DF8 /* Images.xcassets */; };
		29056B111957FBB300F07DF8 /* SwiftObjcTests.swift in Sources */ = {isa = PBXBuildFile; fileRef = 29056B101957FBB300F07DF8 /* SwiftObjcTests.swift */; };
/* End PBXBuildFile section */

/* Begin PBXContainerItemProxy section */
		29056B0B1957FBB300F07DF8 /* PBXContainerItemProxy */ = {
			isa = PBXContainerItemProxy;
			containerPortal = 29056AF51957FBB300F07DF8 /* Project object */;
			proxyType = 1;
			remoteGlobalIDString = 29056AFC1957FBB300F07DF8;
			remoteInfo = SwiftObjc;
		};
/* End PBXContainerItemProxy section */

/* Begin PBXFileReference section */
		29056AFD1957FBB300F07DF8 /* SwiftObjc.app */ = {isa = PBXFileReference; explicitFileType = wrapper.application; includeInIndex = 0; path = SwiftObjc.app; sourceTree = BUILT_PRODUCTS_DIR; };
		29056B011957FBB300F07DF8 /* Info.plist */ = {isa = PBXFileReference; lastKnownFileType = text.plist.xml; path = Info.plist; sourceTree = "<group>"; };
		29056B021957FBB300F07DF8 /* AppDelegate.swift */ = {isa = PBXFileReference; lastKnownFileType = sourcecode.swift; path = AppDelegate.swift; sourceTree = "<group>"; };
		29056B041957FBB300F07DF8 /* Images.xcassets */ = {isa = PBXFileReference; lastKnownFileType = folder.assetcatalog; path = Images.xcassets; sourceTree = "<group>"; };
		29056B0A1957FBB300F07DF8 /* SwiftObjcTests.xctest */ = {isa = PBXFileReference; explicitFileType = wrapper.cfbundle; includeInIndex = 0; path = SwiftObjcTests.xctest; sourceTree = BUILT_PRODUCTS_DIR; };
		29056B0F1957FBB300F07DF8 /* Info.plist */ = {isa = PBXFileReference; lastKnownFileType = text.plist.xml; path = Info.plist; sourceTree = "<group>"; };
		29056B101957FBB300F07DF8 /* SwiftObjcTests.swift */ = {isa = PBXFileReference; lastKnownFileType = sourcecode.swift; path = SwiftObjcTests.swift; sourceTree = "<group>"; };
/* End PBXFileReference section */

/* Begin PBXFrameworksBuildPhase section */
		29056AFA1957FBB300F07DF8 /* Frameworks */ = {
			isa = PBXFrameworksBuildPhase;
			buildActionMask = 2147483647;
			files = (
			);
			runOnlyForDeploymentPostprocessing = 0;
		};
		29056B071957FBB300F07DF8 /* Frameworks */ = {
			isa = PBXFrameworksBuildPhase;
			buildActionMask = 2147483647;
			files = (
			);
			runOnlyForDeploymentPostprocessing = 0;
		};
/* End PBXFrameworksBuildPhase section */

/* Begin PBXGroup section */
		29056AF41957FBB300F07DF8 = {
			isa = PBXGroup;
			children = (
				29056AFF1957FBB300F07DF8 /* SwiftObjc */,
				29056B0D1957FBB300F07DF8 /* SwiftObjcTests */,
				29056AFE1957FBB300F07DF8 /* Products */,
			);
			sourceTree = "<group>";
		};
		29056AFE1957FBB300F07DF8 /* Products */ = {
			isa = PBXGroup;
			children = (
				29056AFD1957FBB300F07DF8 /* SwiftObjc.app */,
				29056B0A1957FBB300F07DF8 /* SwiftObjcTests.xctest */,
			);
			name = Products;
			sourceTree = "<group>";
		};
		29056AFF1957FBB300F07DF8 /* SwiftObjc */ = {
			isa = PBXGroup;
			children = (
				29056B021957FBB300F07DF8 /* AppDelegate.swift */,
				29056B041957FBB300F07DF8 /* Images.xcassets */,
				29056B001957FBB300F07DF8 /* Supporting Files */,
			);
			path = SwiftObjc;
			sourceTree = "<group>";
		};
		29056B001957FBB300F07DF8 /* Supporting Files */ = {
			isa = PBXGroup;
			children = (
				29056B011957FBB300F07DF8 /* Info.plist */,
			);
			name = "Supporting Files";
			sourceTree = "<group>";
		};
		29056B0D1957FBB300F07DF8 /* SwiftObjcTests */ = {
			isa = PBXGroup;
			children = (
				29056B101957FBB300F07DF8 /* SwiftObjcTests.swift */,
				29056B0E1957FBB300F07DF8 /* Supporting Files */,
			);
			path = SwiftObjcTests;
			sourceTree = "<group>";
		};
		29056B0E1957FBB300F07DF8 /* Supporting Files */ = {
			isa = PBXGroup;
			children = (
				29056B0F1957FBB300F07DF8 /* Info.plist */,
			);
			name = "Supporting Files";
			sourceTree = "<group>";
		};
/* End PBXGroup section */

/* Begin PBXNativeTarget section */
		29056AFC1957FBB300F07DF8 /* SwiftObjc */ = {
			isa = PBXNativeTarget;
			buildConfigurationList = 29056B141957FBB300F07DF8 /* Build configuration list for PBXNativeTarget "SwiftObjc" */;
			buildPhases = (
				29056AF91957FBB300F07DF8 /* Sources */,
				29056AFA1957FBB300F07DF8 /* Frameworks */,
				29056AFB1957FBB300F07DF8 /* Resources */,
			);
			buildRules = (
			);
			dependencies = (
			);
			name = SwiftObjc;
			productName = SwiftObjc;
			productReference = 29056AFD1957FBB300F07DF8 /* SwiftObjc.app */;
			productType = "com.apple.product-type.application";
		};
		29056B091957FBB300F07DF8 /* SwiftObjcTests */ = {
			isa = PBXNativeTarget;
			buildConfigurationList = 29056B171957FBB300F07DF8 /* Build configuration list for PBXNativeTarget "SwiftObjcTests" */;
			buildPhases = (
				29056B061957FBB300F07DF8 /* Sources */,
				29056B071957FBB300F07DF8 /* Frameworks */,
				29056B081957FBB300F07DF8 /* Resources */,
			);
			buildRules = (
			);
			dependencies = (
				29056B0C1957FBB300F07DF8 /* PBXTargetDependency */,
			);
			name = SwiftObjcTests;
			productName = SwiftObjcTests;
			productReference = 29056B0A1957FBB300F07DF8 /* SwiftObjcTests.xctest */;
			productType = "com.apple.product-type.bundle.unit-test";
		};
/* End PBXNativeTarget section */

/* Begin PBXProject section */
		29056AF51957FBB300F07DF8 /* Project object */ = {
			isa = PBXProject;
			attributes = {
				LastUpgradeCheck = 0600;
				ORGANIZATIONNAME = hanzc;
				TargetAttributes = {
					29056AFC1957FBB300F07DF8 = {
						CreatedOnToolsVersion = 6.0;
					};
					29056B091957FBB300F07DF8 = {
						CreatedOnToolsVersion = 6.0;
						TestTargetID = 29056AFC1957FBB300F07DF8;
					};
				};
			};
			buildConfigurationList = 29056AF81957FBB300F07DF8 /* Build configuration list for PBXProject "SwiftObjc" */;
			compatibilityVersion = "Xcode 3.2";
			developmentRegion = English;
			hasScannedForEncodings = 0;
			knownRegions = (
				en,
			);
			mainGroup = 29056AF41957FBB300F07DF8;
			productRefGroup = 29056AFE1957FBB300F07DF8 /* Products */;
			projectDirPath = "";
			projectRoot = "";
			targets = (
				29056AFC1957FBB300F07DF8 /* SwiftObjc */,
				29056B091957FBB300F07DF8 /* SwiftObjcTests */,
			);
		};
/* End PBXProject section */

/* Begin PBXResourcesBuildPhase section */
		29056AFB1957FBB300F07DF8 /* Resources */ = {
			isa = PBXResourcesBuildPhase;
			buildActionMask = 2147483647;
			files = (
				29056B051957FBB300F07DF8 /* Images.xcassets in Resources */,
			);
			runOnlyForDeploymentPostprocessing = 0;
		};
		29056B081957FBB300F07DF8 /* Resources */ = {
			isa = PBXResourcesBuildPhase;
			buildActionMask = 2147483647;
			files = (
			);
			runOnlyForDeploymentPostprocessing = 0;
		};
/* End PBXResourcesBuildPhase section */

/* Begin PBXSourcesBuildPhase section */
		29056AF91957FBB300F07DF8 /* Sources */ = {
			isa = PBXSourcesBuildPhase;
			buildActionMask = 2147483647;
			files = (
				29056B031957FBB300F07DF8 /* AppDelegate.swift in Sources */,
			);
			runOnlyForDeploymentPostprocessing = 0;
		};
		29056B061957FBB300F07DF8 /* Sources */ = {
			isa = PBXSourcesBuildPhase;
			buildActionMask = 2147483647;
			files = (
				29056B111957FBB300F07DF8 /* SwiftObjcTests.swift in Sources */,
			);
			runOnlyForDeploymentPostprocessing = 0;
		};
/* End PBXSourcesBuildPhase section */

/* Begin PBXTargetDependency section */
		29056B0C1957FBB300F07DF8 /* PBXTargetDependency */ = {
			isa = PBXTargetDependency;
			target = 29056AFC1957FBB300F07DF8 /* SwiftObjc */;
			targetProxy = 29056B0B1957FBB300F07DF8 /* PBXContainerItemProxy */;
		};
/* End PBXTargetDependency section */

/* Begin XCBuildConfiguration section */
		29056B121957FBB300F07DF8 /* Debug */ = {
			isa = XCBuildConfiguration;
			buildSettings = {
				ALWAYS_SEARCH_USER_PATHS = NO;
				CLANG_CXX_LANGUAGE_STANDARD = "gnu++0x";
				CLANG_CXX_LIBRARY = "libc++";
				CLANG_ENABLE_MODULES = YES;
				CLANG_ENABLE_OBJC_ARC = YES;
				CLANG_WARN_BOOL_CONVERSION = YES;
				CLANG_WARN_CONSTANT_CONVERSION = YES;
				CLANG_WARN_DIRECT_OBJC_ISA_USAGE = YES_ERROR;
				CLANG_WARN_EMPTY_BODY = YES;
				CLANG_WARN_ENUM_CONVERSION = YES;
				CLANG_WARN_INT_CONVERSION = YES;
				CLANG_WARN_OBJC_ROOT_CLASS = YES_ERROR;
				CLANG_WARN_UNREACHABLE_CODE = YES;
				CLANG_WARN__DUPLICATE_METHOD_MATCH = YES;
				"CODE_SIGN_IDENTITY[sdk=iphoneos*]" = "iPhone Developer";
				COPY_PHASE_STRIP = NO;
				ENABLE_STRICT_OBJC_MSGSEND = YES;
				GCC_C_LANGUAGE_STANDARD = gnu99;
				GCC_DYNAMIC_NO_PIC = NO;
				GCC_OPTIMIZATION_LEVEL = 0;
				GCC_PREPROCESSOR_DEFINITIONS = (
					"DEBUG=1",
					"$(inherited)",
				);
				GCC_SYMBOLS_PRIVATE_EXTERN = NO;
				GCC_WARN_64_TO_32_BIT_CONVERSION = YES;
				GCC_WARN_ABOUT_RETURN_TYPE = YES_ERROR;
				GCC_WARN_UNDECLARED_SELECTOR = YES;
				GCC_WARN_UNINITIALIZED_AUTOS = YES_AGGRESSIVE;
				GCC_WARN_UNUSED_FUNCTION = YES;
				GCC_WARN_UNUSED_VARIABLE = YES;
				IPHONEOS_DEPLOYMENT_TARGET = 8.0;
				METAL_ENABLE_DEBUG_INFO = YES;
				ONLY_ACTIVE_ARCH = YES;
				SDKROOT = iphoneos;
				SWIFT_OPTIMIZATION_LEVEL = "-Onone";
			};
			name = Debug;
		};
		29056B131957FBB300F07DF8 /* Release */ = {
			isa = XCBuildConfiguration;
			buildSettings = {
				ALWAYS_SEARCH_USER_PATHS = NO;
				CLANG_CXX_LANGUAGE_STANDARD = "gnu++0x";
				CLANG_CXX_LIBRARY = "libc++";
				CLANG_ENABLE_MODULES = YES;
				CLANG_ENABLE_OBJC_ARC = YES;
				CLANG_WARN_BOOL_CONVERSION = YES;
				CLANG_WARN_CONSTANT_CONVERSION = YES;
				CLANG_WARN_DIRECT_OBJC_ISA_USAGE = YES_ERROR;
				CLANG_WARN_EMPTY_BODY = YES;
				CLANG_WARN_ENUM_CONVERSION = YES;
				CLANG_WARN_INT_CONVERSION = YES;
				CLANG_WARN_OBJC_ROOT_CLASS = YES_ERROR;
				CLANG_WARN_UNREACHABLE_CODE = YES;
				CLANG_WARN__DUPLICATE_METHOD_MATCH = YES;
				"CODE_SIGN_IDENTITY[sdk=iphoneos*]" = "iPhone Developer";
				COPY_PHASE_STRIP = YES;
				ENABLE_NS_ASSERTIONS = NO;
				ENABLE_STRICT_OBJC_MSGSEND = YES;
				GCC_C_LANGUAGE_STANDARD = gnu99;
				GCC_WARN_64_TO_32_BIT_CONVERSION = YES;
				GCC_WARN_ABOUT_RETURN_TYPE = YES_ERROR;
				GCC_WARN_UNDECLARED_SELECTOR = YES;
				GCC_WARN_UNINITIALIZED_AUTOS = YES_AGGRESSIVE;
				GCC_WARN_UNUSED_FUNCTION = YES;
				GCC_WARN_UNUSED_VARIABLE = YES;
				IPHONEOS_DEPLOYMENT_TARGET = 8.0;
				METAL_ENABLE_DEBUG_INFO = NO;
				SDKROOT = iphoneos;
				VALIDATE_PRODUCT = YES;
			};
			name = Release;
		};
		29056B151957FBB300F07DF8 /* Debug */ = {
			isa = XCBuildConfiguration;
			buildSettings = {
				ASSETCATALOG_COMPILER_APPICON_NAME = AppIcon;
				ASSETCATALOG_COMPILER_LAUNCHIMAGE_NAME = LaunchImage;
				INFOPLIST_FILE = SwiftObjc/Info.plist;
				LD_RUNPATH_SEARCH_PATHS = "$(inherited) @executable_path/Frameworks";
				PRODUCT_NAME = "$(TARGET_NAME)";
			};
			name = Debug;
		};
		29056B161957FBB300F07DF8 /* Release */ = {
			isa = XCBuildConfiguration;
			buildSettings = {
				ASSETCATALOG_COMPILER_APPICON_NAME = AppIcon;
				ASSETCATALOG_COMPILER_LAUNCHIMAGE_NAME = LaunchImage;
				INFOPLIST_FILE = SwiftObjc/Info.plist;
				LD_RUNPATH_SEARCH_PATHS = "$(inherited) @executable_path/Frameworks";
				PRODUCT_NAME = "$(TARGET_NAME)";
			};
			name = Release;
		};
		29056B181957FBB300F07DF8 /* Debug */ = {
			isa = XCBuildConfiguration;
			buildSettings = {
				BUNDLE_LOADER = "$(BUILT_PRODUCTS_DIR)/SwiftObjc.app/SwiftObjc";
				FRAMEWORK_SEARCH_PATHS = (
					"$(SDKROOT)/Developer/Library/Frameworks",
					"$(inherited)",
				);
				GCC_PREPROCESSOR_DEFINITIONS = (
					"DEBUG=1",
					"$(inherited)",
				);
				INFOPLIST_FILE = SwiftObjcTests/Info.plist;
				LD_RUNPATH_SEARCH_PATHS = "$(inherited) @executable_path/Frameworks @loader_path/Frameworks";
				METAL_ENABLE_DEBUG_INFO = YES;
				PRODUCT_NAME = "$(TARGET_NAME)";
				TEST_HOST = "$(BUNDLE_LOADER)";
			};
			name = Debug;
		};
		29056B191957FBB300F07DF8 /* Release */ = {
			isa = XCBuildConfiguration;
			buildSettings = {
				BUNDLE_LOADER = "$(BUILT_PRODUCTS_DIR)/SwiftObjc.app/SwiftObjc";
				FRAMEWORK_SEARCH_PATHS = (
					"$(SDKROOT)/Developer/Library/Frameworks",
					"$(inherited)",
				);
				INFOPLIST_FILE = SwiftObjcTests/Info.plist;
				LD_RUNPATH_SEARCH_PATHS = "$(inherited) @executable_path/Frameworks @loader_path/Frameworks";
				METAL_ENABLE_DEBUG_INFO = NO;
				PRODUCT_NAME = "$(TARGET_NAME)";
				TEST_HOST = "$(BUNDLE_LOADER)";
			};
			name = Release;
		};
/* End XCBuildConfiguration section */

/* Begin XCConfigurationList section */
		29056AF81957FBB300F07DF8 /* Build configuration list for PBXProject "SwiftObjc" */ = {
			isa = XCConfigurationList;
			buildConfigurations = (
				29056B121957FBB300F07DF8 /* Debug */,
				29056B131957FBB300F07DF8 /* Release */,
			);
			defaultConfigurationIsVisible = 0;
			defaultConfigurationName = Release;
		};
		29056B141957FBB300F07DF8 /* Build configuration list for PBXNativeTarget "SwiftObjc" */ = {
			isa = XCConfigurationList;
			buildConfigurations = (
				29056B151957FBB300F07DF8 /* Debug */,
				29056B161957FBB300F07DF8 /* Release */,
			);
			defaultConfigurationIsVisible = 0;
		};
		29056B171957FBB300F07DF8 /* Build configuration list for PBXNativeTarget "SwiftObjcTests" */ = {
			isa = XCConfigurationList;
			buildConfigurations = (
				29056B181957FBB300F07DF8 /* Debug */,
				29056B191957FBB300F07DF8 /* Release */,
			);
			defaultConfigurationIsVisible = 0;
		};
/* End XCConfigurationList section */
	};
	rootObject = 29056AF51957FBB300F07DF8 /* Project object */;
}
